
Microsoft Visual Studio Solution File, Format Version 12.00
# Visual Studio Version 17
VisualStudioVersion = 17.11.35222.181
MinimumVisualStudioVersion = 10.0.40219.1
Project("{FAE04EC0-301F-11D3-BF4B-00C04F79EFBC}") = "Week8EpicGame", "Week8EpicGame\Week8EpicGame.csproj", "{BCFC22EE-B26A-41B7-8EB5-B755D1BED66C}"
EndProject
Global
	GlobalSection(SolutionConfigurationPlatforms) = preSolution
		Debug|Any CPU = Debug|Any CPU
		Release|Any CPU = Release|Any CPU
	EndGlobalSection
	GlobalSection(ProjectConfigurationPlatforms) = postSolution
		{BCFC22EE-B26A-41B7-8EB5-B755D1BED66C}.Debug|Any CPU.ActiveCfg = Debug|Any CPU
		{BCFC22EE-B26A-41B7-8EB5-B755D1BED66C}.Debug|Any CPU.Build.0 = Debug|Any CPU
		{BCFC22EE-B26A-41B7-8EB5-B755D1BED66C}.Release|Any CPU.ActiveCfg = Release|Any CPU
		{BCFC22EE-B26A-41B7-8EB5-B755D1BED66C}.Release|Any CPU.Build.0 = Release|Any CPU
	EndGlobalSection
	GlobalSection(SolutionProperties) = preSolution
		HideSolutionNode = FALSE
	EndGlobalSection
	GlobalSection(ExtensibilityGlobals) = postSolution
		SolutionGuid = {F90C7D3C-2F32-45E7-9FDB-58B424D7061E}
	EndGlobalSection
EndGlobal
